<?xml version="1.0" encoding="utf-8"?>
<Project ToolsVersion="4.0" xmlns="http://schemas.microsoft.com/developer/msbuild/2003">
  <ItemGroup>
    <Filter Include="Core">
      <UniqueIdentifier>{9494f307-c1ec-49c3-b3a2-e8bd3267d84e}</UniqueIdentifier>
    </Filter>
    <Filter Include="Core\Window">
      <UniqueIdentifier>{a3d208ce-c616-4e32-9d2d-f8e8825c59cf}</UniqueIdentifier>
    </Filter>
    <Filter Include="include">
      <UniqueIdentifier>{1d2eb2cb-c2cc-41b4-af6d-395b05f55a04}</UniqueIdentifier>
    </Filter>
    <Filter Include="Component">
      <UniqueIdentifier>{473dfab2-3e7d-432d-8e69-65aa99f48c29}</UniqueIdentifier>
    </Filter>
    <Filter Include="Core\GPU">
      <UniqueIdentifier>{271e5bd2-7cb3-40b7-b2e5-5e343c58f910}</UniqueIdentifier>
    </Filter>
    <Filter Include="Laboratoare">
      <UniqueIdentifier>{a73d11aa-9a42-4f7c-ba61-adefedb1e0cf}</UniqueIdentifier>
    </Filter>
    <Filter Include="Core\Managers">
      <UniqueIdentifier>{2940a1fd-9fef-46a7-93fb-a8241118d00a}</UniqueIdentifier>
    </Filter>
    <Filter Include="Laboratoare\Tema2">
      <UniqueIdentifier>{90db3b3f-3e3f-4a8b-95b7-ca53a2fa01ee}</UniqueIdentifier>
    </Filter>
    <Filter Include="Laboratoare\Tema2\Shaders">
      <UniqueIdentifier>{a24fb032-b067-4d55-a0a2-98bf5b2650c7}</UniqueIdentifier>
    </Filter>
    <Filter Include="Laboratoare\Tema2\Textures">
      <UniqueIdentifier>{cf8abcae-7a9d-4772-a06f-7ff7ed4b006e}</UniqueIdentifier>
    </Filter>
  </ItemGroup>
  <ItemGroup>
    <ClCompile Include="..\Source\Core\Engine.cpp">
      <Filter>Core</Filter>
    </ClCompile>
    <ClCompile Include="..\Source\Core\World.cpp">
      <Filter>Core</Filter>
    </ClCompile>
    <ClCompile Include="..\Source\include\gl.cpp">
      <Filter>include</Filter>
    </ClCompile>
    <ClCompile Include="..\Source\Core\Window\WindowObject.cpp">
      <Filter>Core\Window</Filter>
    </ClCompile>
    <ClCompile Include="..\Source\Core\GPU\Shader.cpp">
      <Filter>Core\GPU</Filter>
    </ClCompile>
    <ClCompile Include="..\Source\Main.cpp" />
    <ClCompile Include="..\Source\Core\Window\WindowCallbacks.cpp">
      <Filter>Core\Window</Filter>
    </ClCompile>
    <ClCompile Include="..\Source\Core\GPU\Mesh.cpp">
      <Filter>Core\GPU</Filter>
    </ClCompile>
    <ClCompile Include="..\Source\Core\GPU\Texture2D.cpp">
      <Filter>Core\GPU</Filter>
    </ClCompile>
    <ClCompile Include="..\Source\Core\Managers\TextureManager.cpp">
      <Filter>Core\Managers</Filter>
    </ClCompile>
    <ClCompile Include="..\Source\Component\CameraInput.cpp">
      <Filter>Component</Filter>
    </ClCompile>
    <ClCompile Include="..\Source\Core\Window\InputController.cpp">
      <Filter>Core\Window</Filter>
    </ClCompile>
    <ClCompile Include="..\Source\Component\SimpleScene.cpp">
      <Filter>Component</Filter>
    </ClCompile>
    <ClCompile Include="..\Source\Core\GPU\GPUBuffers.cpp">
      <Filter>Core\GPU</Filter>
    </ClCompile>
    <ClCompile Include="..\Source\Component\SceneInput.cpp">
      <Filter>Component</Filter>
    </ClCompile>
    <ClCompile Include="..\Source\Laboratoare\Tema2\Object2D.cpp">
      <Filter>Laboratoare\Tema2</Filter>
    </ClCompile>
    <ClCompile Include="..\Source\Laboratoare\Tema2\Tema3.cpp">
      <Filter>Laboratoare\Tema2</Filter>
    </ClCompile>
  </ItemGroup>
  <ItemGroup>
    <ClInclude Include="..\Source\Core\World.h">
      <Filter>Core</Filter>
    </ClInclude>
    <ClInclude Include="..\Source\Core\Engine.h">
      <Filter>Core</Filter>
    </ClInclude>
    <ClInclude Include="..\Source\include\gl.h">
      <Filter>include</Filter>
    </ClInclude>
    <ClInclude Include="..\Source\include\glm.h">
      <Filter>include</Filter>
    </ClInclude>
    <ClInclude Include="..\Source\include\math.h">
      <Filter>include</Filter>
    </ClInclude>
    <ClInclude Include="..\Source\include\utils.h">
      <Filter>include</Filter>
    </ClInclude>
    <ClInclude Include="..\Source\Core\Window\WindowObject.h">
      <Filter>Core\Window</Filter>
    </ClInclude>
    <ClInclude Include="..\Source\Core\GPU\Shader.h">
      <Filter>Core\GPU</Filter>
    </ClInclude>
    <ClInclude Include="..\Source\Core\Window\WindowCallbacks.h">
      <Filter>Core\Window</Filter>
    </ClInclude>
    <ClInclude Include="..\Source\Core\GPU\Mesh.h">
      <Filter>Core\GPU</Filter>
    </ClInclude>
    <ClInclude Include="..\Source\Core\GPU\Texture2D.h">
      <Filter>Core\GPU</Filter>
    </ClInclude>
    <ClInclude Include="..\Source\Laboratoare\LabList.h">
      <Filter>Laboratoare</Filter>
    </ClInclude>
    <ClInclude Include="..\Source\Core\Managers\ResourcePath.h">
      <Filter>Core\Managers</Filter>
    </ClInclude>
    <ClInclude Include="..\Source\Core\Managers\TextureManager.h">
      <Filter>Core\Managers</Filter>
    </ClInclude>
    <ClInclude Include="..\Source\Component\CameraInput.h">
      <Filter>Component</Filter>
    </ClInclude>
    <ClInclude Include="..\Source\Core\Window\InputController.h">
      <Filter>Core\Window</Filter>
    </ClInclude>
    <ClInclude Include="..\Source\Component\SimpleScene.h">
      <Filter>Component</Filter>
    </ClInclude>
    <ClInclude Include="..\Source\Core\GPU\GPUBuffers.h">
      <Filter>Core\GPU</Filter>
    </ClInclude>
    <ClInclude Include="..\Source\Component\SceneInput.h">
      <Filter>Component</Filter>
    </ClInclude>
    <ClInclude Include="..\Source\Laboratoare\Tema2\Camera.h">
      <Filter>Laboratoare\Tema2</Filter>
    </ClInclude>
    <ClInclude Include="..\Source\Laboratoare\Tema2\Object2D.h">
      <Filter>Laboratoare\Tema2</Filter>
    </ClInclude>
    <ClInclude Include="..\Source\Laboratoare\Tema2\Tema3.h">
      <Filter>Laboratoare\Tema2</Filter>
    </ClInclude>
  </ItemGroup>
  <ItemGroup>
    <None Include="ClassDiagram.cd" />
    <None Include="..\Source\Laboratoare\Tema3\Shaders\FragmentShader.glsl">
      <Filter>Laboratoare\Tema2\Shaders</Filter>
    </None>
    <None Include="..\Source\Laboratoare\Tema3\Shaders\FuelVS.glsl">
      <Filter>Laboratoare\Tema2\Shaders</Filter>
    </None>
    <None Include="..\Source\Laboratoare\Tema3\Shaders\HeartVS.glsl">
      <Filter>Laboratoare\Tema2\Shaders</Filter>
    </None>
    <None Include="..\Source\Laboratoare\Tema3\Shaders\NormalFragmentShader.glsl">
      <Filter>Laboratoare\Tema2\Shaders</Filter>
    </None>
    <None Include="..\Source\Laboratoare\Tema3\Shaders\PlayerVS.glsl">
      <Filter>Laboratoare\Tema2\Shaders</Filter>
    </None>
    <None Include="..\Source\Laboratoare\Tema3\Shaders\TileFS.glsl">
      <Filter>Laboratoare\Tema2\Shaders</Filter>
    </None>
    <None Include="..\Source\Laboratoare\Tema3\Shaders\TileVS.glsl">
      <Filter>Laboratoare\Tema2\Shaders</Filter>
    </None>
  </ItemGroup>
  <ItemGroup>
    <Image Include="..\Source\Laboratoare\Tema3\Textures\1.jpg">
      <Filter>Laboratoare\Tema2\Textures</Filter>
    </Image>
    <Image Include="..\Source\Laboratoare\Tema3\Textures\80s.gif">
      <Filter>Laboratoare\Tema2\Textures</Filter>
    </Image>
    <Image Include="..\Source\Laboratoare\Tema3\Textures\building1.jpg">
      <Filter>Laboratoare\Tema2\Textures</Filter>
    </Image>
    <Image Include="..\Source\Laboratoare\Tema3\Textures\building2.jpg">
      <Filter>Laboratoare\Tema2\Textures</Filter>
    </Image>
    <Image Include="..\Source\Laboratoare\Tema3\Textures\building3.jpg">
      <Filter>Laboratoare\Tema2\Textures</Filter>
    </Image>
    <Image Include="..\Source\Laboratoare\Tema3\Textures\crate.jpg">
      <Filter>Laboratoare\Tema2\Textures</Filter>
    </Image>
    <Image Include="..\Source\Laboratoare\Tema3\Textures\disco.PNG">
      <Filter>Laboratoare\Tema2\Textures</Filter>
    </Image>
    <Image Include="..\Source\Laboratoare\Tema3\Textures\earth.png">
      <Filter>Laboratoare\Tema2\Textures</Filter>
    </Image>
    <Image Include="..\Source\Laboratoare\Tema3\Textures\grass_bilboard.png">
      <Filter>Laboratoare\Tema2\Textures</Filter>
    </Image>
    <Image Include="..\Source\Laboratoare\Tema3\Textures\green4.jpg">
      <Filter>Laboratoare\Tema2\Textures</Filter>
    </Image>
    <Image Include="..\Source\Laboratoare\Tema3\Textures\grid.jpg">
      <Filter>Laboratoare\Tema2\Textures</Filter>
    </Image>
    <Image Include="..\Source\Laboratoare\Tema3\Textures\orange_zebra_print.jpg">
      <Filter>Laboratoare\Tema2\Textures</Filter>
    </Image>
    <Image Include="..\Source\Laboratoare\Tema3\Textures\red_persian.jpg">
      <Filter>Laboratoare\Tema2\Textures</Filter>
    </Image>
    <Image Include="..\Source\Laboratoare\Tema3\Textures\yellow1.jpg">
      <Filter>Laboratoare\Tema2\Textures</Filter>
    </Image>
  </ItemGroup>
</Project>